
Microsoft Visual Studio Solution File, Format Version 12.00
# Visual Studio 15
VisualStudioVersion = 15.0.27004.2005
MinimumVisualStudioVersion = 10.0.40219.1
Project("{FAE04EC0-301F-11D3-BF4B-00C04F79EFBC}") = "Bogosoft.Xml", "Bogosoft.Xml\Bogosoft.Xml.csproj", "{D81F6D2F-CEAC-4D66-ABE0-F26CE4EF5A22}"
EndProject
Project("{FAE04EC0-301F-11D3-BF4B-00C04F79EFBC}") = "Bogosoft.Xml.Tests", "Bogosoft.Xml.Tests\Bogosoft.Xml.Tests.csproj", "{4878D11F-8DB2-48F2-9827-3E6394818021}"
EndProject
Global
	GlobalSection(SolutionConfigurationPlatforms) = preSolution
		Debug|Any CPU = Debug|Any CPU
		Release|Any CPU = Release|Any CPU
	EndGlobalSection
	GlobalSection(ProjectConfigurationPlatforms) = postSolution
		{D81F6D2F-CEAC-4D66-ABE0-F26CE4EF5A22}.Debug|Any CPU.ActiveCfg = Debug|Any CPU
		{D81F6D2F-CEAC-4D66-ABE0-F26CE4EF5A22}.Debug|Any CPU.Build.0 = Debug|Any CPU
		{D81F6D2F-CEAC-4D66-ABE0-F26CE4EF5A22}.Release|Any CPU.ActiveCfg = Release|Any CPU
		{D81F6D2F-CEAC-4D66-ABE0-F26CE4EF5A22}.Release|Any CPU.Build.0 = Release|Any CPU
		{4878D11F-8DB2-48F2-9827-3E6394818021}.Debug|Any CPU.ActiveCfg = Debug|Any CPU
		{4878D11F-8DB2-48F2-9827-3E6394818021}.Debug|Any CPU.Build.0 = Debug|Any CPU
		{4878D11F-8DB2-48F2-9827-3E6394818021}.Release|Any CPU.ActiveCfg = Release|Any CPU
		{4878D11F-8DB2-48F2-9827-3E6394818021}.Release|Any CPU.Build.0 = Release|Any CPU
	EndGlobalSection
	GlobalSection(SolutionProperties) = preSolution
		HideSolutionNode = FALSE
	EndGlobalSection
	GlobalSection(ExtensibilityGlobals) = postSolution
		SolutionGuid = {70730FD4-C38B-4D3F-9D93-8B1CFA4661B9}
	EndGlobalSection
EndGlobal
